
Microsoft Visual Studio Solution File, Format Version 12.00
# Visual Studio Version 17
VisualStudioVersion = 17.14.36301.6 d17.14
MinimumVisualStudioVersion = 10.0.40219.1
Project("{FAE04EC0-301F-11D3-BF4B-00C04F79EFBC}") = "Arabic SRT Fixer", "Arabic SRT Fixer\Arabic SRT Fixer.csproj", "{AAC095A8-C1BA-40AE-A7F3-9D102ED55F53}"
EndProject
Global
	GlobalSection(SolutionConfigurationPlatforms) = preSolution
		Debug|Any CPU = Debug|Any CPU
		Release|Any CPU = Release|Any CPU
	EndGlobalSection
	GlobalSection(ProjectConfigurationPlatforms) = postSolution
		{AAC095A8-C1BA-40AE-A7F3-9D102ED55F53}.Debug|Any CPU.ActiveCfg = Debug|Any CPU
		{AAC095A8-C1BA-40AE-A7F3-9D102ED55F53}.Debug|Any CPU.Build.0 = Debug|Any CPU
		{AAC095A8-C1BA-40AE-A7F3-9D102ED55F53}.Release|Any CPU.ActiveCfg = Release|Any CPU
		{AAC095A8-C1BA-40AE-A7F3-9D102ED55F53}.Release|Any CPU.Build.0 = Release|Any CPU
	EndGlobalSection
	GlobalSection(SolutionProperties) = preSolution
		HideSolutionNode = FALSE
	EndGlobalSection
	GlobalSection(ExtensibilityGlobals) = postSolution
		SolutionGuid = {21BF802D-4358-4486-8F8A-D2DFA259E672}
	EndGlobalSection
EndGlobal
